[[package]]
name = "pillow"
version = "9.5.0"
description = "Python Imaging Library (Fork)"
category = "main"
optional = false
python-versions = ">=3.7"

[package.extras]
docs = ["furo", "olefile", "sphinx (>=2.4)", "sphinx-copybutton", "sphinx-inline-tabs", "sphinx-removed-in", "sphinxext-opengraph"]
tests = ["check-manifest", "coverage", "defusedxml", "markdown2", "olefile", "packaging", "pyroma", "pytest", "pytest-cov", "pytest-timeout"]

[[package]]
name = "pyaudio"
version = "0.2.13"
description = "Cross-platform audio I/O with PortAudio"
category = "main"
optional = false
python-versions = "*"

[package.extras]
test = ["numpy"]

[metadata]
lock-version = "1.1"
python-versions = "^3.7"
content-hash = "464438dea7fe186c0b76eab364c5a0db69f4c1608197de93efef688dd1de208a"

[metadata.files]
pillow = []
pyaudio = []
